
Microsoft Visual Studio Solution File, Format Version 12.00
# Visual Studio 2013
VisualStudioVersion = 12.0.31101.0
MinimumVisualStudioVersion = 10.0.40219.1
Project("{FAE04EC0-301F-11D3-BF4B-00C04F79EFBC}") = "Helenos.Api", "Helenos.Api\Helenos.Api.csproj", "{FACAC0B9-DBA1-4E2D-8851-5849863D9E99}"
EndProject
Project("{FAE04EC0-301F-11D3-BF4B-00C04F79EFBC}") = "Helenos.ApiTests", "Helenos.ApiTests\Helenos.ApiTests.csproj", "{CC240786-99F0-4E88-AB95-278372B4B67E}"
EndProject
Project("{FAE04EC0-301F-11D3-BF4B-00C04F79EFBC}") = "Helenos.Domain", "Helenos.Domain\Helenos.Domain.csproj", "{CD965190-C8B7-4AF7-98AF-A337E115A922}"
EndProject
Project("{FAE04EC0-301F-11D3-BF4B-00C04F79EFBC}") = "Helenos.Repository", "Helenos.Repository\Helenos.Repository.csproj", "{5CCFF789-47DD-4FC9-8CD5-E5777145B520}"
EndProject
Global
	GlobalSection(SolutionConfigurationPlatforms) = preSolution
		Debug|Any CPU = Debug|Any CPU
		Release|Any CPU = Release|Any CPU
	EndGlobalSection
	GlobalSection(ProjectConfigurationPlatforms) = postSolution
		{FACAC0B9-DBA1-4E2D-8851-5849863D9E99}.Debug|Any CPU.ActiveCfg = Debug|Any CPU
		{FACAC0B9-DBA1-4E2D-8851-5849863D9E99}.Debug|Any CPU.Build.0 = Debug|Any CPU
		{FACAC0B9-DBA1-4E2D-8851-5849863D9E99}.Release|Any CPU.ActiveCfg = Release|Any CPU
		{FACAC0B9-DBA1-4E2D-8851-5849863D9E99}.Release|Any CPU.Build.0 = Release|Any CPU
		{CC240786-99F0-4E88-AB95-278372B4B67E}.Debug|Any CPU.ActiveCfg = Debug|Any CPU
		{CC240786-99F0-4E88-AB95-278372B4B67E}.Debug|Any CPU.Build.0 = Debug|Any CPU
		{CC240786-99F0-4E88-AB95-278372B4B67E}.Release|Any CPU.ActiveCfg = Release|Any CPU
		{CC240786-99F0-4E88-AB95-278372B4B67E}.Release|Any CPU.Build.0 = Release|Any CPU
		{CD965190-C8B7-4AF7-98AF-A337E115A922}.Debug|Any CPU.ActiveCfg = Debug|Any CPU
		{CD965190-C8B7-4AF7-98AF-A337E115A922}.Debug|Any CPU.Build.0 = Debug|Any CPU
		{CD965190-C8B7-4AF7-98AF-A337E115A922}.Release|Any CPU.ActiveCfg = Release|Any CPU
		{CD965190-C8B7-4AF7-98AF-A337E115A922}.Release|Any CPU.Build.0 = Release|Any CPU
		{5CCFF789-47DD-4FC9-8CD5-E5777145B520}.Debug|Any CPU.ActiveCfg = Debug|Any CPU
		{5CCFF789-47DD-4FC9-8CD5-E5777145B520}.Debug|Any CPU.Build.0 = Debug|Any CPU
		{5CCFF789-47DD-4FC9-8CD5-E5777145B520}.Release|Any CPU.ActiveCfg = Release|Any CPU
		{5CCFF789-47DD-4FC9-8CD5-E5777145B520}.Release|Any CPU.Build.0 = Release|Any CPU
	EndGlobalSection
	GlobalSection(SolutionProperties) = preSolution
		HideSolutionNode = FALSE
	EndGlobalSection
EndGlobal
